{
  "projects": [
    {
      "projectId": "seaQhLVS4bbjiGvJJrRwyL",
      "version": "15.0.3",
      "dependencies": {},
      "lang": "ts",
      "fileLocks": [
        {
          "assetId": "seaQhLVS4bbjiGvJJrRwyL",
          "type": "projectCss",
          "checksum": "8b140f54acb9f4aedf0b769d566851ea"
        }
      ],
      "codegenVersion": "0.0.1"
    },
    {
      "projectId": "b6dbeCJkpqWf7W4jBYTHqc",
      "version": "latest",
      "dependencies": {
        "seaQhLVS4bbjiGvJJrRwyL": "15.0.3"
      },
      "lang": "ts",
      "fileLocks": [
        {
          "type": "globalVariant",
          "assetId": "snXxaCjymu4-",
          "checksum": "eb07b3a9fca96e2cba914e12ee947b24"
        },
        {
          "type": "renderModule",
          "assetId": "fLXgfjnyeYIq",
          "checksum": "1e179641718ce6c5810b4b0efbd5016c"
        },
        {
          "type": "cssRules",
          "assetId": "fLXgfjnyeYIq",
          "checksum": "1e179641718ce6c5810b4b0efbd5016c"
        },
        {
          "type": "renderModule",
          "assetId": "fDfqd0NlSD4a",
          "checksum": "94e63f73bf42c5584b498e8795fa3fd7"
        },
        {
          "type": "cssRules",
          "assetId": "fDfqd0NlSD4a",
          "checksum": "94e63f73bf42c5584b498e8795fa3fd7"
        },
        {
          "type": "renderModule",
          "assetId": "2VJ6NQP-ld2q",
          "checksum": "98f978a4ca1dcd3f62318c74cbf1b9f8"
        },
        {
          "type": "cssRules",
          "assetId": "2VJ6NQP-ld2q",
          "checksum": "98f978a4ca1dcd3f62318c74cbf1b9f8"
        },
        {
          "type": "renderModule",
          "assetId": "g-UPGkiRJ9o9",
          "checksum": "19521f8be9277711ddd680a164324f8e"
        },
        {
          "type": "cssRules",
          "assetId": "g-UPGkiRJ9o9",
          "checksum": "19521f8be9277711ddd680a164324f8e"
        },
        {
          "type": "renderModule",
          "assetId": "ATkUbCwOTYle",
          "checksum": "e33868bbbdeb6a669c7c165e793c4ace"
        },
        {
          "type": "cssRules",
          "assetId": "ATkUbCwOTYle",
          "checksum": "e33868bbbdeb6a669c7c165e793c4ace"
        },
        {
          "type": "renderModule",
          "assetId": "w0MvNk3-KALI",
          "checksum": "12e1697d4ada13ff53494a046e2592c0"
        },
        {
          "type": "cssRules",
          "assetId": "w0MvNk3-KALI",
          "checksum": "12e1697d4ada13ff53494a046e2592c0"
        },
        {
          "type": "renderModule",
          "assetId": "Bf0efIZKwhmX",
          "checksum": "58d9c099828c7c60d447fc701624fa63"
        },
        {
          "type": "cssRules",
          "assetId": "Bf0efIZKwhmX",
          "checksum": "58d9c099828c7c60d447fc701624fa63"
        },
        {
          "type": "renderModule",
          "assetId": "PdwPoHh68W0D",
          "checksum": "7a1b557d66b329fe2b737eaea5e0bf83"
        },
        {
          "type": "cssRules",
          "assetId": "PdwPoHh68W0D",
          "checksum": "7a1b557d66b329fe2b737eaea5e0bf83"
        },
        {
          "type": "renderModule",
          "assetId": "_rfX1MT3HI3A",
          "checksum": "286eefbd6b45849a7a44c1aed3edfed8"
        },
        {
          "type": "cssRules",
          "assetId": "_rfX1MT3HI3A",
          "checksum": "286eefbd6b45849a7a44c1aed3edfed8"
        },
        {
          "type": "renderModule",
          "assetId": "dX6kOEasSO42",
          "checksum": "242b855016409290875b755330d1a4bb"
        },
        {
          "type": "cssRules",
          "assetId": "dX6kOEasSO42",
          "checksum": "242b855016409290875b755330d1a4bb"
        },
        {
          "type": "renderModule",
          "assetId": "W3vYx6YbX8OR",
          "checksum": "d7b8f4a00b16429be0a2037979359fde"
        },
        {
          "type": "cssRules",
          "assetId": "W3vYx6YbX8OR",
          "checksum": "d7b8f4a00b16429be0a2037979359fde"
        },
        {
          "type": "renderModule",
          "assetId": "9A6S-uLUCwJ0",
          "checksum": "ca8dc704fd5c3072e716754bc3499131"
        },
        {
          "type": "cssRules",
          "assetId": "9A6S-uLUCwJ0",
          "checksum": "ca8dc704fd5c3072e716754bc3499131"
        },
        {
          "type": "renderModule",
          "assetId": "-USByCqZkboR",
          "checksum": "7e2e50bacb59124dca0b8a108095bffb"
        },
        {
          "type": "cssRules",
          "assetId": "-USByCqZkboR",
          "checksum": "7e2e50bacb59124dca0b8a108095bffb"
        },
        {
          "type": "renderModule",
          "assetId": "Z6WvGnQNJezj",
          "checksum": "68a15d030383549b45c21f383e867020"
        },
        {
          "type": "cssRules",
          "assetId": "Z6WvGnQNJezj",
          "checksum": "68a15d030383549b45c21f383e867020"
        },
        {
          "type": "renderModule",
          "assetId": "n4W57medNYwN",
          "checksum": "4bfecf19a4e4e26b9d6430db35e7de09"
        },
        {
          "type": "cssRules",
          "assetId": "n4W57medNYwN",
          "checksum": "4bfecf19a4e4e26b9d6430db35e7de09"
        },
        {
          "type": "renderModule",
          "assetId": "NMvbPRurdL54",
          "checksum": "9f6ac339deb73df758cc33f5c01f33ea"
        },
        {
          "type": "cssRules",
          "assetId": "NMvbPRurdL54",
          "checksum": "9f6ac339deb73df758cc33f5c01f33ea"
        },
        {
          "type": "renderModule",
          "assetId": "WFOCHderyoi9",
          "checksum": "2249dbe28f8edf4ca314a8558f1c7e1b"
        },
        {
          "type": "cssRules",
          "assetId": "WFOCHderyoi9",
          "checksum": "2249dbe28f8edf4ca314a8558f1c7e1b"
        },
        {
          "type": "icon",
          "assetId": "tGxpgfZDdeau",
          "checksum": "21aa3d35758042a4e9089875ef119edb"
        },
        {
          "type": "icon",
          "assetId": "wqhWLKH-6Wk3",
          "checksum": "98095b9f27b2dcf5398eee608e7e3951"
        },
        {
          "type": "icon",
          "assetId": "ikmbNmkiFEhU",
          "checksum": "abf30fff5d02ba147dfc9f40b9992439"
        },
        {
          "type": "icon",
          "assetId": "3P9_zCgbt35q",
          "checksum": "11ec79400a25107eef192b8214cfc6fc"
        },
        {
          "type": "icon",
          "assetId": "Ada1UVbaQGe0",
          "checksum": "0597329f4f0637c06ed1d90268389e8d"
        },
        {
          "type": "icon",
          "assetId": "SCa-xGzxn6Zd",
          "checksum": "db83edd07d0b9a53588abbb33ff2153f"
        },
        {
          "type": "icon",
          "assetId": "wieUrjhbZubv",
          "checksum": "3b48029bbdd5c9ad27fc07c804bfce84"
        },
        {
          "type": "icon",
          "assetId": "5-xpGZq6Rv2e",
          "checksum": "1d0b52ed3fcf6bd38a9f1b453b55e645"
        },
        {
          "type": "icon",
          "assetId": "yR29UuIcsC4s",
          "checksum": "4a5ed3e527abcbc7635d981b83ff2c6b"
        },
        {
          "type": "icon",
          "assetId": "UQxyCkdDW-A9",
          "checksum": "579a0902366225fd71626723092eea96"
        },
        {
          "type": "icon",
          "assetId": "wSvpc53iakKC",
          "checksum": "8e6beea0a3ad2408bff53ce2bfe5b0d5"
        },
        {
          "type": "icon",
          "assetId": "y-H9y7mYCuY9",
          "checksum": "75ac8738455bf5047ab109f73ec23dd4"
        },
        {
          "type": "icon",
          "assetId": "p-arYIUnjZkh",
          "checksum": "b209de980c014a31cf849f5b8e33b421"
        },
        {
          "type": "icon",
          "assetId": "ixAttZRhqOaA",
          "checksum": "7828026feaf1ad3c4bf93d706635ced8"
        },
        {
          "type": "icon",
          "assetId": "d0dzuXbfU5XC",
          "checksum": "99c60e47abb443eb94b1dc32a1ad7f12"
        },
        {
          "type": "icon",
          "assetId": "cX5fDQcJpv_Y",
          "checksum": "f9cbe09f3d841833d44bfd45b458a624"
        },
        {
          "type": "icon",
          "assetId": "jw9yKqW6aOyk",
          "checksum": "766567b35b0a556a912a5c87cf8d4aa1"
        },
        {
          "type": "icon",
          "assetId": "33UsbiLexPhN",
          "checksum": "dae3f2ea85d00d338e4ef0aacb726f64"
        },
        {
          "type": "icon",
          "assetId": "IV0djdpznTCw",
          "checksum": "33b482865b6285eff7fe9402cfceb328"
        },
        {
          "type": "icon",
          "assetId": "TlpDFI-zYYP3",
          "checksum": "45767c88d548610d13548a5498facf26"
        },
        {
          "type": "icon",
          "assetId": "N1yQKDiLOeA4",
          "checksum": "aa5d86010dc02ea4872cbea1a5fc7df4"
        },
        {
          "type": "icon",
          "assetId": "huZvRhcATywx",
          "checksum": "4d6466a1829b95749a46e34d3cee2155"
        },
        {
          "type": "image",
          "assetId": "z16GONUcA9Y7",
          "checksum": "4cfb013e3efef6c171d122e4ffef3c33"
        },
        {
          "type": "image",
          "assetId": "6q6iyXBFQt5M",
          "checksum": "53e8341ac105b37b1ce6a470a79bbb01"
        },
        {
          "type": "image",
          "assetId": "MPY73JX9eRLg",
          "checksum": "e75d04047da8be34e767dcb2a986b983"
        },
        {
          "type": "image",
          "assetId": "i-A8FG9mjAw-",
          "checksum": "0158eb2e486f33db0c6b3f4a1e4f1d32"
        },
        {
          "assetId": "b6dbeCJkpqWf7W4jBYTHqc",
          "type": "projectCss",
          "checksum": "c93e277c36ce603a31a79d5022b49b48"
        }
      ],
      "codegenVersion": "0.0.1"
    }
  ],
  "cliVersion": "0.1.330"
}
